// !$*UTF8*$!
{
	archiveVersion = 1;
	classes = {
	};
	objectVersion = 50;
	objects = {

/* Begin PBXBuildFile section */
		041B2F8F20C680B100B33949 /* AppDelegate.swift in Sources */ = {isa = PBXBuildFile; fileRef = 041B2F8E20C680B100B33949 /* AppDelegate.swift */; };
		041B2F9120C680B100B33949 /* ViewController.swift in Sources */ = {isa = PBXBuildFile; fileRef = 041B2F9020C680B100B33949 /* ViewController.swift */; };
		041B2F9420C680B100B33949 /* Main.storyboard in Resources */ = {isa = PBXBuildFile; fileRef = 041B2F9220C680B100B33949 /* Main.storyboard */; };
		041B2F9620C680B300B33949 /* Assets.xcassets in Resources */ = {isa = PBXBuildFile; fileRef = 041B2F9520C680B300B33949 /* Assets.xcassets */; };
		041B2F9920C680B300B33949 /* LaunchScreen.storyboard in Resources */ = {isa = PBXBuildFile; fileRef = 041B2F9720C680B300B33949 /* LaunchScreen.storyboard */; };
		041B2FA420C680B300B33949 /* SwiftFrameTests.swift in Sources */ = {isa = PBXBuildFile; fileRef = 041B2FA320C680B300B33949 /* SwiftFrameTests.swift */; };
		041B2FAF20C680B300B33949 /* SwiftFrameUITests.swift in Sources */ = {isa = PBXBuildFile; fileRef = 041B2FAE20C680B300B33949 /* SwiftFrameUITests.swift */; };
		041B2FBF20C68BB700B33949 /* UIImageView+Ext.swift in Sources */ = {isa = PBXBuildFile; fileRef = 041B2FBE20C68BB700B33949 /* UIImageView+Ext.swift */; };
		041B2FC220C68EC700B33949 /* SwiftTool.swift in Sources */ = {isa = PBXBuildFile; fileRef = 041B2FC120C68EC700B33949 /* SwiftTool.swift */; };
		044FAF3220CF71DD0029A0D1 /* DataModel.swift in Sources */ = {isa = PBXBuildFile; fileRef = 044FAF3120CF71DD0029A0D1 /* DataModel.swift */; };
		047925EC20F74B8C00CE8F7D /* MeViewController.swift in Sources */ = {isa = PBXBuildFile; fileRef = 047925EA20F74B8C00CE8F7D /* MeViewController.swift */; };
		047925ED20F74B8C00CE8F7D /* MeViewController.xib in Resources */ = {isa = PBXBuildFile; fileRef = 047925EB20F74B8C00CE8F7D /* MeViewController.xib */; };
		047925F020F7505400CE8F7D /* Operators.swift in Sources */ = {isa = PBXBuildFile; fileRef = 047925EF20F7505400CE8F7D /* Operators.swift */; };
		048EDD1E20F5F6E00050D8D4 /* HomeViewModel2.swift in Sources */ = {isa = PBXBuildFile; fileRef = 048EDD1D20F5F6DF0050D8D4 /* HomeViewModel2.swift */; };
		048EDD2420F605170050D8D4 /* HomeViewViewController2.swift in Sources */ = {isa = PBXBuildFile; fileRef = 048EDD2320F605170050D8D4 /* HomeViewViewController2.swift */; };
		049FEFF320E48D1F00A8FFD3 /* BaseViewController.swift in Sources */ = {isa = PBXBuildFile; fileRef = 049FEFF220E48D1F00A8FFD3 /* BaseViewController.swift */; };
		049FEFF520E48EA800A8FFD3 /* MainViewController.swift in Sources */ = {isa = PBXBuildFile; fileRef = 049FEFF420E48EA800A8FFD3 /* MainViewController.swift */; };
		049FEFFC20E4938100A8FFD3 /* KeyChainTool.swift in Sources */ = {isa = PBXBuildFile; fileRef = 049FEFF620E4938000A8FFD3 /* KeyChainTool.swift */; };
		049FEFFD20E4938100A8FFD3 /* KeychainWrapper.swift in Sources */ = {isa = PBXBuildFile; fileRef = 049FEFF820E4938100A8FFD3 /* KeychainWrapper.swift */; };
		049FEFFE20E4938100A8FFD3 /* KeychainItemAccessibility.swift in Sources */ = {isa = PBXBuildFile; fileRef = 049FEFFA20E4938100A8FFD3 /* KeychainItemAccessibility.swift */; };
		049FEFFF20E4938100A8FFD3 /* Info.plist in Resources */ = {isa = PBXBuildFile; fileRef = 049FEFFB20E4938100A8FFD3 /* Info.plist */; };
		049FF00120E4A5AD00A8FFD3 /* EnumManager.swift in Sources */ = {isa = PBXBuildFile; fileRef = 049FF00020E4A5AD00A8FFD3 /* EnumManager.swift */; };
		04A9571720C7734D008E5380 /* SwiftTool+AlertView.swift in Sources */ = {isa = PBXBuildFile; fileRef = 04A9571620C7734D008E5380 /* SwiftTool+AlertView.swift */; };
		04A9571920C777F4008E5380 /* Date+Extension.swift in Sources */ = {isa = PBXBuildFile; fileRef = 04A9571820C777F4008E5380 /* Date+Extension.swift */; };
		04A9571B20C77D16008E5380 /* UIView+Ext.swift in Sources */ = {isa = PBXBuildFile; fileRef = 04A9571A20C77D16008E5380 /* UIView+Ext.swift */; };
		04A9571D20C78015008E5380 /* String+Ext.swift in Sources */ = {isa = PBXBuildFile; fileRef = 04A9571C20C78015008E5380 /* String+Ext.swift */; };
		04A9571F20C78931008E5380 /* UIImage+Extension.swift in Sources */ = {isa = PBXBuildFile; fileRef = 04A9571E20C78931008E5380 /* UIImage+Extension.swift */; };
		04A9572120C78C32008E5380 /* UITextView+Extension.swift in Sources */ = {isa = PBXBuildFile; fileRef = 04A9572020C78C32008E5380 /* UITextView+Extension.swift */; };
		04A9572320C7CEC5008E5380 /* Observable+HandyJSON.swift in Sources */ = {isa = PBXBuildFile; fileRef = 04A9572220C7CEC5008E5380 /* Observable+HandyJSON.swift */; };
		04A9572C20C7D702008E5380 /* BaseViewModel.swift in Sources */ = {isa = PBXBuildFile; fileRef = 04A9572B20C7D702008E5380 /* BaseViewModel.swift */; };
		04A9572E20C7D800008E5380 /* HomePageApi.swift in Sources */ = {isa = PBXBuildFile; fileRef = 04A9572D20C7D800008E5380 /* HomePageApi.swift */; };
		04ABD00A20E5BD8600069D1C /* HomeViewController.swift in Sources */ = {isa = PBXBuildFile; fileRef = 04ABD00920E5BD8600069D1C /* HomeViewController.swift */; };
		04ABD00C20E5FF9200069D1C /* BaseNaviViewController.swift in Sources */ = {isa = PBXBuildFile; fileRef = 04ABD00B20E5FF9200069D1C /* BaseNaviViewController.swift */; };
		04ABD00E20E60BBA00069D1C /* Int+Ext.swift in Sources */ = {isa = PBXBuildFile; fileRef = 04ABD00D20E60BBA00069D1C /* Int+Ext.swift */; };
		04ABD01020E60C3500069D1C /* HomeViewModel.swift in Sources */ = {isa = PBXBuildFile; fileRef = 04ABD00F20E60C3500069D1C /* HomeViewModel.swift */; };
		04ABD01220E60D7B00069D1C /* Model_HomeNews.swift in Sources */ = {isa = PBXBuildFile; fileRef = 04ABD01120E60D7B00069D1C /* Model_HomeNews.swift */; };
		04BEF96420CA2E880075A203 /* UserModel.swift in Sources */ = {isa = PBXBuildFile; fileRef = 04BEF96320CA2E880075A203 /* UserModel.swift */; };
		04BEF96620CA4DBC0075A203 /* PixHeader.swift in Sources */ = {isa = PBXBuildFile; fileRef = 04BEF96520CA4DBC0075A203 /* PixHeader.swift */; };
		04BEF96820CA5B790075A203 /* CacheTool.swift in Sources */ = {isa = PBXBuildFile; fileRef = 04BEF96720CA5B790075A203 /* CacheTool.swift */; };
		04BEF97520CA72CE0075A203 /* SqlitManager.swift in Sources */ = {isa = PBXBuildFile; fileRef = 04BEF97420CA72CE0075A203 /* SqlitManager.swift */; };
		04C50E3320C90DBB000F2DA4 /* BaseModel.swift in Sources */ = {isa = PBXBuildFile; fileRef = 04C50E3220C90DBB000F2DA4 /* BaseModel.swift */; };
		04C773BB20DB942100A1CA6F /* RegisterViewModel.swift in Sources */ = {isa = PBXBuildFile; fileRef = 04C773BA20DB942100A1CA6F /* RegisterViewModel.swift */; };
		04C7EF5820F4B1F7006BCC9F /* UITableView+Rx.swift in Sources */ = {isa = PBXBuildFile; fileRef = 04C7EF5720F4B1F7006BCC9F /* UITableView+Rx.swift */; };
		04D1146420F6F2E900D17B0B /* HCRefresh.swift in Sources */ = {isa = PBXBuildFile; fileRef = 04D1146320F6F2E900D17B0B /* HCRefresh.swift */; };
		04D1146620F706AB00D17B0B /* HUDProgress+Rx.swift in Sources */ = {isa = PBXBuildFile; fileRef = 04D1146520F706AB00D17B0B /* HUDProgress+Rx.swift */; };
		04D5847920DA377300A0068F /* RegisterViewController.swift in Sources */ = {isa = PBXBuildFile; fileRef = 04D5847720DA377300A0068F /* RegisterViewController.swift */; };
		04D5847A20DA377300A0068F /* RegisterViewController.xib in Resources */ = {isa = PBXBuildFile; fileRef = 04D5847820DA377300A0068F /* RegisterViewController.xib */; };
		04DDE1A220E239F900B7A4A5 /* RegisterModel.swift in Sources */ = {isa = PBXBuildFile; fileRef = 04DDE1A120E239F900B7A4A5 /* RegisterModel.swift */; };
		04DDE1A420E23B0300B7A4A5 /* RegisterService.swift in Sources */ = {isa = PBXBuildFile; fileRef = 04DDE1A320E23B0300B7A4A5 /* RegisterService.swift */; };
		04DDE1A620E2484100B7A4A5 /* ActivityIndicator.swift in Sources */ = {isa = PBXBuildFile; fileRef = 04DDE1A520E2484100B7A4A5 /* ActivityIndicator.swift */; };
		04F77F4A20E354950065609A /* HUDTool.swift in Sources */ = {isa = PBXBuildFile; fileRef = 04F77F4920E354950065609A /* HUDTool.swift */; };
		04F77F4C20E35E5E0065609A /* MJRefresh+Rx.swift in Sources */ = {isa = PBXBuildFile; fileRef = 04F77F4B20E35E5E0065609A /* MJRefresh+Rx.swift */; };
		04F77F4F20E384540065609A /* LoginViewController.swift in Sources */ = {isa = PBXBuildFile; fileRef = 04F77F4D20E384540065609A /* LoginViewController.swift */; };
		04F77F5020E384540065609A /* LoginViewController.xib in Resources */ = {isa = PBXBuildFile; fileRef = 04F77F4E20E384540065609A /* LoginViewController.xib */; };
		04F77F5220E38B230065609A /* LoginService.swift in Sources */ = {isa = PBXBuildFile; fileRef = 04F77F5120E38B230065609A /* LoginService.swift */; };
		04F77F5520E398040065609A /* LoginViewModel.swift in Sources */ = {isa = PBXBuildFile; fileRef = 04F77F5420E398040065609A /* LoginViewModel.swift */; };
		0FF419A7177C33378A9D1153 /* libPods-SwiftFrame.a in Frameworks */ = {isa = PBXBuildFile; fileRef = D809A25C9CE3EB0E93A6C0B2 /* libPods-SwiftFrame.a */; };
/* End PBXBuildFile section */

/* Begin PBXContainerItemProxy section */
		041B2FA020C680B300B33949 /* PBXContainerItemProxy */ = {
			isa = PBXContainerItemProxy;
			containerPortal = 041B2F8320C680B100B33949 /* Project object */;
			proxyType = 1;
			remoteGlobalIDString = 041B2F8A20C680B100B33949;
			remoteInfo = SwiftFrame;
		};
		041B2FAB20C680B300B33949 /* PBXContainerItemProxy */ = {
			isa = PBXContainerItemProxy;
			containerPortal = 041B2F8320C680B100B33949 /* Project object */;
			proxyType = 1;
			remoteGlobalIDString = 041B2F8A20C680B100B33949;
			remoteInfo = SwiftFrame;
		};
/* End PBXContainerItemProxy section */

/* Begin PBXFileReference section */
		041B2F8B20C680B100B33949 /* SwiftFrame.app */ = {isa = PBXFileReference; explicitFileType = wrapper.application; includeInIndex = 0; path = SwiftFrame.app; sourceTree = BUILT_PRODUCTS_DIR; };
		041B2F8E20C680B100B33949 /* AppDelegate.swift */ = {isa = PBXFileReference; lastKnownFileType = sourcecode.swift; path = AppDelegate.swift; sourceTree = "<group>"; };
		041B2F9020C680B100B33949 /* ViewController.swift */ = {isa = PBXFileReference; lastKnownFileType = sourcecode.swift; path = ViewController.swift; sourceTree = "<group>"; };
		041B2F9320C680B100B33949 /* Base */ = {isa = PBXFileReference; lastKnownFileType = file.storyboard; name = Base; path = Base.lproj/Main.storyboard; sourceTree = "<group>"; };
		041B2F9520C680B300B33949 /* Assets.xcassets */ = {isa = PBXFileReference; lastKnownFileType = folder.assetcatalog; path = Assets.xcassets; sourceTree = "<group>"; };
		041B2F9820C680B300B33949 /* Base */ = {isa = PBXFileReference; lastKnownFileType = file.storyboard; name = Base; path = Base.lproj/LaunchScreen.storyboard; sourceTree = "<group>"; };
		041B2F9A20C680B300B33949 /* Info.plist */ = {isa = PBXFileReference; lastKnownFileType = text.plist.xml; path = Info.plist; sourceTree = "<group>"; };
		041B2F9F20C680B300B33949 /* SwiftFrameTests.xctest */ = {isa = PBXFileReference; explicitFileType = wrapper.cfbundle; includeInIndex = 0; path = SwiftFrameTests.xctest; sourceTree = BUILT_PRODUCTS_DIR; };
		041B2FA320C680B300B33949 /* SwiftFrameTests.swift */ = {isa = PBXFileReference; lastKnownFileType = sourcecode.swift; path = SwiftFrameTests.swift; sourceTree = "<group>"; };
		041B2FA520C680B300B33949 /* Info.plist */ = {isa = PBXFileReference; lastKnownFileType = text.plist.xml; path = Info.plist; sourceTree = "<group>"; };
		041B2FAA20C680B300B33949 /* SwiftFrameUITests.xctest */ = {isa = PBXFileReference; explicitFileType = wrapper.cfbundle; includeInIndex = 0; path = SwiftFrameUITests.xctest; sourceTree = BUILT_PRODUCTS_DIR; };
		041B2FAE20C680B300B33949 /* SwiftFrameUITests.swift */ = {isa = PBXFileReference; lastKnownFileType = sourcecode.swift; path = SwiftFrameUITests.swift; sourceTree = "<group>"; };
		041B2FB020C680B300B33949 /* Info.plist */ = {isa = PBXFileReference; lastKnownFileType = text.plist.xml; path = Info.plist; sourceTree = "<group>"; };
		041B2FBE20C68BB700B33949 /* UIImageView+Ext.swift */ = {isa = PBXFileReference; lastKnownFileType = sourcecode.swift; path = "UIImageView+Ext.swift"; sourceTree = "<group>"; };
		041B2FC120C68EC700B33949 /* SwiftTool.swift */ = {isa = PBXFileReference; lastKnownFileType = sourcecode.swift; path = SwiftTool.swift; sourceTree = "<group>"; };
		044FAF3120CF71DD0029A0D1 /* DataModel.swift */ = {isa = PBXFileReference; lastKnownFileType = sourcecode.swift; path = DataModel.swift; sourceTree = "<group>"; };
		047925EA20F74B8C00CE8F7D /* MeViewController.swift */ = {isa = PBXFileReference; lastKnownFileType = sourcecode.swift; path = MeViewController.swift; sourceTree = "<group>"; };
		047925EB20F74B8C00CE8F7D /* MeViewController.xib */ = {isa = PBXFileReference; lastKnownFileType = file.xib; path = MeViewController.xib; sourceTree = "<group>"; };
		047925EF20F7505400CE8F7D /* Operators.swift */ = {isa = PBXFileReference; fileEncoding = 4; lastKnownFileType = sourcecode.swift; path = Operators.swift; sourceTree = "<group>"; };
		048EDD1D20F5F6DF0050D8D4 /* HomeViewModel2.swift */ = {isa = PBXFileReference; lastKnownFileType = sourcecode.swift; path = HomeViewModel2.swift; sourceTree = "<group>"; };
		048EDD2320F605170050D8D4 /* HomeViewViewController2.swift */ = {isa = PBXFileReference; lastKnownFileType = sourcecode.swift; path = HomeViewViewController2.swift; sourceTree = "<group>"; };
		049FEFF220E48D1F00A8FFD3 /* BaseViewController.swift */ = {isa = PBXFileReference; lastKnownFileType = sourcecode.swift; path = BaseViewController.swift; sourceTree = "<group>"; };
		049FEFF420E48EA800A8FFD3 /* MainViewController.swift */ = {isa = PBXFileReference; lastKnownFileType = sourcecode.swift; path = MainViewController.swift; sourceTree = "<group>"; };
		049FEFF620E4938000A8FFD3 /* KeyChainTool.swift */ = {isa = PBXFileReference; fileEncoding = 4; lastKnownFileType = sourcecode.swift; path = KeyChainTool.swift; sourceTree = "<group>"; };
		049FEFF820E4938100A8FFD3 /* KeychainWrapper.swift */ = {isa = PBXFileReference; fileEncoding = 4; lastKnownFileType = sourcecode.swift; path = KeychainWrapper.swift; sourceTree = "<group>"; };
		049FEFF920E4938100A8FFD3 /* SwiftKeychainWrapper.h */ = {isa = PBXFileReference; fileEncoding = 4; lastKnownFileType = sourcecode.c.h; path = SwiftKeychainWrapper.h; sourceTree = "<group>"; };
		049FEFFA20E4938100A8FFD3 /* KeychainItemAccessibility.swift */ = {isa = PBXFileReference; fileEncoding = 4; lastKnownFileType = sourcecode.swift; path = KeychainItemAccessibility.swift; sourceTree = "<group>"; };
		049FEFFB20E4938100A8FFD3 /* Info.plist */ = {isa = PBXFileReference; fileEncoding = 4; lastKnownFileType = text.plist.xml; path = Info.plist; sourceTree = "<group>"; };
		049FF00020E4A5AD00A8FFD3 /* EnumManager.swift */ = {isa = PBXFileReference; lastKnownFileType = sourcecode.swift; path = EnumManager.swift; sourceTree = "<group>"; };
		04A9571620C7734D008E5380 /* SwiftTool+AlertView.swift */ = {isa = PBXFileReference; lastKnownFileType = sourcecode.swift; path = "SwiftTool+AlertView.swift"; sourceTree = "<group>"; };
		04A9571820C777F4008E5380 /* Date+Extension.swift */ = {isa = PBXFileReference; lastKnownFileType = sourcecode.swift; path = "Date+Extension.swift"; sourceTree = "<group>"; };
		04A9571A20C77D16008E5380 /* UIView+Ext.swift */ = {isa = PBXFileReference; lastKnownFileType = sourcecode.swift; path = "UIView+Ext.swift"; sourceTree = "<group>"; };
		04A9571C20C78015008E5380 /* String+Ext.swift */ = {isa = PBXFileReference; lastKnownFileType = sourcecode.swift; path = "String+Ext.swift"; sourceTree = "<group>"; };
		04A9571E20C78931008E5380 /* UIImage+Extension.swift */ = {isa = PBXFileReference; fileEncoding = 4; lastKnownFileType = sourcecode.swift; path = "UIImage+Extension.swift"; sourceTree = "<group>"; };
		04A9572020C78C32008E5380 /* UITextView+Extension.swift */ = {isa = PBXFileReference; fileEncoding = 4; lastKnownFileType = sourcecode.swift; path = "UITextView+Extension.swift"; sourceTree = "<group>"; };
		04A9572220C7CEC5008E5380 /* Observable+HandyJSON.swift */ = {isa = PBXFileReference; lastKnownFileType = sourcecode.swift; path = "Observable+HandyJSON.swift"; sourceTree = "<group>"; };
		04A9572B20C7D702008E5380 /* BaseViewModel.swift */ = {isa = PBXFileReference; lastKnownFileType = sourcecode.swift; path = BaseViewModel.swift; sourceTree = "<group>"; };
		04A9572D20C7D800008E5380 /* HomePageApi.swift */ = {isa = PBXFileReference; lastKnownFileType = sourcecode.swift; path = HomePageApi.swift; sourceTree = "<group>"; };
		04ABD00920E5BD8600069D1C /* HomeViewController.swift */ = {isa = PBXFileReference; lastKnownFileType = sourcecode.swift; path = HomeViewController.swift; sourceTree = "<group>"; };
		04ABD00B20E5FF9200069D1C /* BaseNaviViewController.swift */ = {isa = PBXFileReference; lastKnownFileType = sourcecode.swift; path = BaseNaviViewController.swift; sourceTree = "<group>"; };
		04ABD00D20E60BBA00069D1C /* Int+Ext.swift */ = {isa = PBXFileReference; lastKnownFileType = sourcecode.swift; path = "Int+Ext.swift"; sourceTree = "<group>"; };
		04ABD00F20E60C3500069D1C /* HomeViewModel.swift */ = {isa = PBXFileReference; lastKnownFileType = sourcecode.swift; path = HomeViewModel.swift; sourceTree = "<group>"; };
		04ABD01120E60D7B00069D1C /* Model_HomeNews.swift */ = {isa = PBXFileReference; lastKnownFileType = sourcecode.swift; path = Model_HomeNews.swift; sourceTree = "<group>"; };
		04BEF96320CA2E880075A203 /* UserModel.swift */ = {isa = PBXFileReference; lastKnownFileType = sourcecode.swift; path = UserModel.swift; sourceTree = "<group>"; };
		04BEF96520CA4DBC0075A203 /* PixHeader.swift */ = {isa = PBXFileReference; lastKnownFileType = sourcecode.swift; path = PixHeader.swift; sourceTree = "<group>"; };
		04BEF96720CA5B790075A203 /* CacheTool.swift */ = {isa = PBXFileReference; lastKnownFileType = sourcecode.swift; path = CacheTool.swift; sourceTree = "<group>"; };
		04BEF97420CA72CE0075A203 /* SqlitManager.swift */ = {isa = PBXFileReference; lastKnownFileType = sourcecode.swift; path = SqlitManager.swift; sourceTree = "<group>"; };
		04C50E2620C8BF58000F2DA4 /* SwiftFrame-Bridging-Header.h */ = {isa = PBXFileReference; lastKnownFileType = sourcecode.c.h; path = "SwiftFrame-Bridging-Header.h"; sourceTree = "<group>"; };
		04C50E3220C90DBB000F2DA4 /* BaseModel.swift */ = {isa = PBXFileReference; lastKnownFileType = sourcecode.swift; path = BaseModel.swift; sourceTree = "<group>"; };
		04C773BA20DB942100A1CA6F /* RegisterViewModel.swift */ = {isa = PBXFileReference; lastKnownFileType = sourcecode.swift; path = RegisterViewModel.swift; sourceTree = "<group>"; };
		04C7EF5720F4B1F7006BCC9F /* UITableView+Rx.swift */ = {isa = PBXFileReference; lastKnownFileType = sourcecode.swift; path = "UITableView+Rx.swift"; sourceTree = "<group>"; };
		04D1146320F6F2E900D17B0B /* HCRefresh.swift */ = {isa = PBXFileReference; lastKnownFileType = sourcecode.swift; path = HCRefresh.swift; sourceTree = "<group>"; };
		04D1146520F706AB00D17B0B /* HUDProgress+Rx.swift */ = {isa = PBXFileReference; lastKnownFileType = sourcecode.swift; path = "HUDProgress+Rx.swift"; sourceTree = "<group>"; };
		04D5847720DA377300A0068F /* RegisterViewController.swift */ = {isa = PBXFileReference; lastKnownFileType = sourcecode.swift; path = RegisterViewController.swift; sourceTree = "<group>"; };
		04D5847820DA377300A0068F /* RegisterViewController.xib */ = {isa = PBXFileReference; lastKnownFileType = file.xib; path = RegisterViewController.xib; sourceTree = "<group>"; };
		04DDE1A120E239F900B7A4A5 /* RegisterModel.swift */ = {isa = PBXFileReference; lastKnownFileType = sourcecode.swift; path = RegisterModel.swift; sourceTree = "<group>"; };
		04DDE1A320E23B0300B7A4A5 /* RegisterService.swift */ = {isa = PBXFileReference; lastKnownFileType = sourcecode.swift; path = RegisterService.swift; sourceTree = "<group>"; };
		04DDE1A520E2484100B7A4A5 /* ActivityIndicator.swift */ = {isa = PBXFileReference; fileEncoding = 4; lastKnownFileType = sourcecode.swift; path = ActivityIndicator.swift; sourceTree = "<group>"; };
		04F77F4920E354950065609A /* HUDTool.swift */ = {isa = PBXFileReference; lastKnownFileType = sourcecode.swift; path = HUDTool.swift; sourceTree = "<group>"; };
		04F77F4B20E35E5E0065609A /* MJRefresh+Rx.swift */ = {isa = PBXFileReference; lastKnownFileType = sourcecode.swift; path = "MJRefresh+Rx.swift"; sourceTree = "<group>"; };
		04F77F4D20E384540065609A /* LoginViewController.swift */ = {isa = PBXFileReference; lastKnownFileType = sourcecode.swift; path = LoginViewController.swift; sourceTree = "<group>"; };
		04F77F4E20E384540065609A /* LoginViewController.xib */ = {isa = PBXFileReference; lastKnownFileType = file.xib; path = LoginViewController.xib; sourceTree = "<group>"; };
		04F77F5120E38B230065609A /* LoginService.swift */ = {isa = PBXFileReference; lastKnownFileType = sourcecode.swift; path = LoginService.swift; sourceTree = "<group>"; };
		04F77F5420E398040065609A /* LoginViewModel.swift */ = {isa = PBXFileReference; lastKnownFileType = sourcecode.swift; path = LoginViewModel.swift; sourceTree = "<group>"; };
		905CF1253B2E3C0826F88EE1 /* Pods-SwiftFrame.debug.xcconfig */ = {isa = PBXFileReference; includeInIndex = 1; lastKnownFileType = text.xcconfig; name = "Pods-SwiftFrame.debug.xcconfig"; path = "Pods/Target Support Files/Pods-SwiftFrame/Pods-SwiftFrame.debug.xcconfig"; sourceTree = "<group>"; };
		A1AE2C394C9F1434F5387458 /* Pods-SwiftFrame.release.xcconfig */ = {isa = PBXFileReference; includeInIndex = 1; lastKnownFileType = text.xcconfig; name = "Pods-SwiftFrame.release.xcconfig"; path = "Pods/Target Support Files/Pods-SwiftFrame/Pods-SwiftFrame.release.xcconfig"; sourceTree = "<group>"; };
		D809A25C9CE3EB0E93A6C0B2 /* libPods-SwiftFrame.a */ = {isa = PBXFileReference; explicitFileType = archive.ar; includeInIndex = 0; path = "libPods-SwiftFrame.a"; sourceTree = BUILT_PRODUCTS_DIR; };
		FCADDC13C39D9F3F0338F53F /* Pods_SwiftFrameTests.framework */ = {isa = PBXFileReference; explicitFileType = wrapper.framework; includeInIndex = 0; path = Pods_SwiftFrameTests.framework; sourceTree = BUILT_PRODUCTS_DIR; };
		FEA10F7EAD6E47DBCE19B1DD /* Pods_SwiftFrameUITests.framework */ = {isa = PBXFileReference; explicitFileType = wrapper.framework; includeInIndex = 0; path = Pods_SwiftFrameUITests.framework; sourceTree = BUILT_PRODUCTS_DIR; };
/* End PBXFileReference section */

/* Begin PBXFrameworksBuildPhase section */
		041B2F8820C680B100B33949 /* Frameworks */ = {
			isa = PBXFrameworksBuildPhase;
			buildActionMask = 2147483647;
			files = (
				0FF419A7177C33378A9D1153 /* libPods-SwiftFrame.a in Frameworks */,
			);
			runOnlyForDeploymentPostprocessing = 0;
		};
		041B2F9C20C680B300B33949 /* Frameworks */ = {
			isa = PBXFrameworksBuildPhase;
			buildActionMask = 2147483647;
			files = (
			);
			runOnlyForDeploymentPostprocessing = 0;
		};
		041B2FA720C680B300B33949 /* Frameworks */ = {
			isa = PBXFrameworksBuildPhase;
			buildActionMask = 2147483647;
			files = (
			);
			runOnlyForDeploymentPostprocessing = 0;
		};
/* End PBXFrameworksBuildPhase section */

/* Begin PBXGroup section */
		041B2F8220C680B100B33949 = {
			isa = PBXGroup;
			children = (
				041B2F8D20C680B100B33949 /* SwiftFrame */,
				041B2FA220C680B300B33949 /* SwiftFrameTests */,
				041B2FAD20C680B300B33949 /* SwiftFrameUITests */,
				041B2F8C20C680B100B33949 /* Products */,
				F18E57CE836A2E52174E115E /* Pods */,
				922E45A3E57FAF1A7C599CA2 /* Frameworks */,
			);
			sourceTree = "<group>";
		};
		041B2F8C20C680B100B33949 /* Products */ = {
			isa = PBXGroup;
			children = (
				041B2F8B20C680B100B33949 /* SwiftFrame.app */,
				041B2F9F20C680B300B33949 /* SwiftFrameTests.xctest */,
				041B2FAA20C680B300B33949 /* SwiftFrameUITests.xctest */,
			);
			name = Products;
			sourceTree = "<group>";
		};
		041B2F8D20C680B100B33949 /* SwiftFrame */ = {
			isa = PBXGroup;
			children = (
				041B2F8E20C680B100B33949 /* AppDelegate.swift */,
				041B2F9020C680B100B33949 /* ViewController.swift */,
				04BEF96220CA2E7F0075A203 /* Base */,
				041B2FBC20C68B8E00B33949 /* Module */,
				041B2FBD20C68B9700B33949 /* Extension */,
				041B2FC020C68E7E00B33949 /* Tool */,
				041B2F9220C680B100B33949 /* Main.storyboard */,
				041B2F9520C680B300B33949 /* Assets.xcassets */,
				041B2F9720C680B300B33949 /* LaunchScreen.storyboard */,
				041B2F9A20C680B300B33949 /* Info.plist */,
			);
			path = SwiftFrame;
			sourceTree = "<group>";
		};
		041B2FA220C680B300B33949 /* SwiftFrameTests */ = {
			isa = PBXGroup;
			children = (
				041B2FA320C680B300B33949 /* SwiftFrameTests.swift */,
				041B2FA520C680B300B33949 /* Info.plist */,
			);
			path = SwiftFrameTests;
			sourceTree = "<group>";
		};
		041B2FAD20C680B300B33949 /* SwiftFrameUITests */ = {
			isa = PBXGroup;
			children = (
				041B2FAE20C680B300B33949 /* SwiftFrameUITests.swift */,
				041B2FB020C680B300B33949 /* Info.plist */,
			);
			path = SwiftFrameUITests;
			sourceTree = "<group>";
		};
		041B2FBC20C68B8E00B33949 /* Module */ = {
			isa = PBXGroup;
			children = (
				047925E520F74A7700CE8F7D /* Me */,
				04D5846D20DA372800A0068F /* Login */,
				04A9572420C7D6D1008E5380 /* Home */,
				049FEFF420E48EA800A8FFD3 /* MainViewController.swift */,
			);
			path = Module;
			sourceTree = "<group>";
		};
		041B2FBD20C68B9700B33949 /* Extension */ = {
			isa = PBXGroup;
			children = (
				04A9572020C78C32008E5380 /* UITextView+Extension.swift */,
				04A9571E20C78931008E5380 /* UIImage+Extension.swift */,
				041B2FBE20C68BB700B33949 /* UIImageView+Ext.swift */,
				04A9571820C777F4008E5380 /* Date+Extension.swift */,
				04A9571A20C77D16008E5380 /* UIView+Ext.swift */,
				04A9571C20C78015008E5380 /* String+Ext.swift */,
				04F77F4B20E35E5E0065609A /* MJRefresh+Rx.swift */,
				04ABD00D20E60BBA00069D1C /* Int+Ext.swift */,
				04C7EF5720F4B1F7006BCC9F /* UITableView+Rx.swift */,
				04D1146520F706AB00D17B0B /* HUDProgress+Rx.swift */,
			);
			path = Extension;
			sourceTree = "<group>";
		};
		041B2FC020C68E7E00B33949 /* Tool */ = {
			isa = PBXGroup;
			children = (
				047925EE20F7502800CE8F7D /* RxSwiftTool */,
				049FEFF620E4938000A8FFD3 /* KeyChainTool.swift */,
				049FEFF720E4938100A8FFD3 /* SwiftKeychainWrapper */,
				04BEF97320CA72BB0075A203 /* Cache */,
				041B2FC120C68EC700B33949 /* SwiftTool.swift */,
				04A9571620C7734D008E5380 /* SwiftTool+AlertView.swift */,
				04A9572220C7CEC5008E5380 /* Observable+HandyJSON.swift */,
				04C50E2620C8BF58000F2DA4 /* SwiftFrame-Bridging-Header.h */,
				04C50E3220C90DBB000F2DA4 /* BaseModel.swift */,
				04F77F4920E354950065609A /* HUDTool.swift */,
				049FF00020E4A5AD00A8FFD3 /* EnumManager.swift */,
				04D1146320F6F2E900D17B0B /* HCRefresh.swift */,
			);
			path = Tool;
			sourceTree = "<group>";
		};
		047925E520F74A7700CE8F7D /* Me */ = {
			isa = PBXGroup;
			children = (
				047925E620F74A7700CE8F7D /* ViewModel */,
				047925E720F74A7700CE8F7D /* Controller */,
				047925E820F74A7700CE8F7D /* Model */,
				047925E920F74A7700CE8F7D /* View */,
			);
			path = Me;
			sourceTree = "<group>";
		};
		047925E620F74A7700CE8F7D /* ViewModel */ = {
			isa = PBXGroup;
			children = (
			);
			path = ViewModel;
			sourceTree = "<group>";
		};
		047925E720F74A7700CE8F7D /* Controller */ = {
			isa = PBXGroup;
			children = (
				047925EA20F74B8C00CE8F7D /* MeViewController.swift */,
				047925EB20F74B8C00CE8F7D /* MeViewController.xib */,
			);
			path = Controller;
			sourceTree = "<group>";
		};
		047925E820F74A7700CE8F7D /* Model */ = {
			isa = PBXGroup;
			children = (
			);
			path = Model;
			sourceTree = "<group>";
		};
		047925E920F74A7700CE8F7D /* View */ = {
			isa = PBXGroup;
			children = (
			);
			path = View;
			sourceTree = "<group>";
		};
		047925EE20F7502800CE8F7D /* RxSwiftTool */ = {
			isa = PBXGroup;
			children = (
				047925EF20F7505400CE8F7D /* Operators.swift */,
				04DDE1A520E2484100B7A4A5 /* ActivityIndicator.swift */,
			);
			path = RxSwiftTool;
			sourceTree = "<group>";
		};
		049FEFF720E4938100A8FFD3 /* SwiftKeychainWrapper */ = {
			isa = PBXGroup;
			children = (
				049FEFF820E4938100A8FFD3 /* KeychainWrapper.swift */,
				049FEFF920E4938100A8FFD3 /* SwiftKeychainWrapper.h */,
				049FEFFA20E4938100A8FFD3 /* KeychainItemAccessibility.swift */,
				049FEFFB20E4938100A8FFD3 /* Info.plist */,
			);
			path = SwiftKeychainWrapper;
			sourceTree = "<group>";
		};
		04A9572420C7D6D1008E5380 /* Home */ = {
			isa = PBXGroup;
			children = (
				04A9572D20C7D800008E5380 /* HomePageApi.swift */,
				04A9572520C7D6D1008E5380 /* ViewModel */,
				04A9572620C7D6D1008E5380 /* Controller */,
				04A9572720C7D6D1008E5380 /* Model */,
				04A9572820C7D6D1008E5380 /* View */,
			);
			path = Home;
			sourceTree = "<group>";
		};
		04A9572520C7D6D1008E5380 /* ViewModel */ = {
			isa = PBXGroup;
			children = (
				04ABD00F20E60C3500069D1C /* HomeViewModel.swift */,
				048EDD1D20F5F6DF0050D8D4 /* HomeViewModel2.swift */,
			);
			path = ViewModel;
			sourceTree = "<group>";
		};
		04A9572620C7D6D1008E5380 /* Controller */ = {
			isa = PBXGroup;
			children = (
				04ABD00920E5BD8600069D1C /* HomeViewController.swift */,
				048EDD2320F605170050D8D4 /* HomeViewViewController2.swift */,
			);
			path = Controller;
			sourceTree = "<group>";
		};
		04A9572720C7D6D1008E5380 /* Model */ = {
			isa = PBXGroup;
			children = (
				04ABD01120E60D7B00069D1C /* Model_HomeNews.swift */,
			);
			path = Model;
			sourceTree = "<group>";
		};
		04A9572820C7D6D1008E5380 /* View */ = {
			isa = PBXGroup;
			children = (
			);
			path = View;
			sourceTree = "<group>";
		};
		04BEF96220CA2E7F0075A203 /* Base */ = {
			isa = PBXGroup;
			children = (
				04A9572B20C7D702008E5380 /* BaseViewModel.swift */,
				04BEF96320CA2E880075A203 /* UserModel.swift */,
				04BEF96520CA4DBC0075A203 /* PixHeader.swift */,
				044FAF3120CF71DD0029A0D1 /* DataModel.swift */,
				049FEFF220E48D1F00A8FFD3 /* BaseViewController.swift */,
				04ABD00B20E5FF9200069D1C /* BaseNaviViewController.swift */,
			);
			path = Base;
			sourceTree = "<group>";
		};
		04BEF97320CA72BB0075A203 /* Cache */ = {
			isa = PBXGroup;
			children = (
				04BEF96720CA5B790075A203 /* CacheTool.swift */,
				04BEF97420CA72CE0075A203 /* SqlitManager.swift */,
			);
			path = Cache;
			sourceTree = "<group>";
		};
		04D5846D20DA372800A0068F /* Login */ = {
			isa = PBXGroup;
			children = (
				04F77F5320E396F00065609A /* Service */,
				04D5847020DA374B00A0068F /* Controller */,
				04D5847120DA374B00A0068F /* Model */,
				04D5846E20DA374B00A0068F /* View */,
				04D5846F20DA374B00A0068F /* ViewModel */,
			);
			path = Login;
			sourceTree = "<group>";
		};
		04D5846E20DA374B00A0068F /* View */ = {
			isa = PBXGroup;
			children = (
			);
			path = View;
			sourceTree = "<group>";
		};
		04D5846F20DA374B00A0068F /* ViewModel */ = {
			isa = PBXGroup;
			children = (
				04C773BA20DB942100A1CA6F /* RegisterViewModel.swift */,
				04F77F5420E398040065609A /* LoginViewModel.swift */,
			);
			path = ViewModel;
			sourceTree = "<group>";
		};
		04D5847020DA374B00A0068F /* Controller */ = {
			isa = PBXGroup;
			children = (
				04D5847720DA377300A0068F /* RegisterViewController.swift */,
				04D5847820DA377300A0068F /* RegisterViewController.xib */,
				04F77F4D20E384540065609A /* LoginViewController.swift */,
				04F77F4E20E384540065609A /* LoginViewController.xib */,
			);
			path = Controller;
			sourceTree = "<group>";
		};
		04D5847120DA374B00A0068F /* Model */ = {
			isa = PBXGroup;
			children = (
				04DDE1A120E239F900B7A4A5 /* RegisterModel.swift */,
			);
			path = Model;
			sourceTree = "<group>";
		};
		04F77F5320E396F00065609A /* Service */ = {
			isa = PBXGroup;
			children = (
				04DDE1A320E23B0300B7A4A5 /* RegisterService.swift */,
				04F77F5120E38B230065609A /* LoginService.swift */,
			);
			path = Service;
			sourceTree = "<group>";
		};
		922E45A3E57FAF1A7C599CA2 /* Frameworks */ = {
			isa = PBXGroup;
			children = (
				FCADDC13C39D9F3F0338F53F /* Pods_SwiftFrameTests.framework */,
				FEA10F7EAD6E47DBCE19B1DD /* Pods_SwiftFrameUITests.framework */,
				D809A25C9CE3EB0E93A6C0B2 /* libPods-SwiftFrame.a */,
			);
			name = Frameworks;
			sourceTree = "<group>";
		};
		F18E57CE836A2E52174E115E /* Pods */ = {
			isa = PBXGroup;
			children = (
				905CF1253B2E3C0826F88EE1 /* Pods-SwiftFrame.debug.xcconfig */,
				A1AE2C394C9F1434F5387458 /* Pods-SwiftFrame.release.xcconfig */,
			);
			name = Pods;
			sourceTree = "<group>";
		};
/* End PBXGroup section */

/* Begin PBXNativeTarget section */
		041B2F8A20C680B100B33949 /* SwiftFrame */ = {
			isa = PBXNativeTarget;
			buildConfigurationList = 041B2FB320C680B300B33949 /* Build configuration list for PBXNativeTarget "SwiftFrame" */;
			buildPhases = (
				17AD923C1ADCC67EB6D25558 /* [CP] Check Pods Manifest.lock */,
				041B2F8720C680B100B33949 /* Sources */,
				041B2F8820C680B100B33949 /* Frameworks */,
				041B2F8920C680B100B33949 /* Resources */,
				E8AAEC6156E00B652AE23A72 /* [CP] Copy Pods Resources */,
			);
			buildRules = (
			);
			dependencies = (
			);
			name = SwiftFrame;
			productName = SwiftFrame;
			productReference = 041B2F8B20C680B100B33949 /* SwiftFrame.app */;
			productType = "com.apple.product-type.application";
		};
		041B2F9E20C680B300B33949 /* SwiftFrameTests */ = {
			isa = PBXNativeTarget;
			buildConfigurationList = 041B2FB620C680B300B33949 /* Build configuration list for PBXNativeTarget "SwiftFrameTests" */;
			buildPhases = (
				041B2F9B20C680B300B33949 /* Sources */,
				041B2F9C20C680B300B33949 /* Frameworks */,
				041B2F9D20C680B300B33949 /* Resources */,
			);
			buildRules = (
			);
			dependencies = (
				041B2FA120C680B300B33949 /* PBXTargetDependency */,
			);
			name = SwiftFrameTests;
			productName = SwiftFrameTests;
			productReference = 041B2F9F20C680B300B33949 /* SwiftFrameTests.xctest */;
			productType = "com.apple.product-type.bundle.unit-test";
		};
		041B2FA920C680B300B33949 /* SwiftFrameUITests */ = {
			isa = PBXNativeTarget;
			buildConfigurationList = 041B2FB920C680B300B33949 /* Build configuration list for PBXNativeTarget "SwiftFrameUITests" */;
			buildPhases = (
				041B2FA620C680B300B33949 /* Sources */,
				041B2FA720C680B300B33949 /* Frameworks */,
				041B2FA820C680B300B33949 /* Resources */,
			);
			buildRules = (
			);
			dependencies = (
				041B2FAC20C680B300B33949 /* PBXTargetDependency */,
			);
			name = SwiftFrameUITests;
			productName = SwiftFrameUITests;
			productReference = 041B2FAA20C680B300B33949 /* SwiftFrameUITests.xctest */;
			productType = "com.apple.product-type.bundle.ui-testing";
		};
/* End PBXNativeTarget section */

/* Begin PBXProject section */
		041B2F8320C680B100B33949 /* Project object */ = {
			isa = PBXProject;
			attributes = {
				LastSwiftUpdateCheck = 0930;
				LastUpgradeCheck = 0930;
				ORGANIZATIONNAME = thc;
				TargetAttributes = {
					041B2F8A20C680B100B33949 = {
						CreatedOnToolsVersion = 9.3.1;
						LastSwiftMigration = 0930;
					};
					041B2F9E20C680B300B33949 = {
						CreatedOnToolsVersion = 9.3.1;
						TestTargetID = 041B2F8A20C680B100B33949;
					};
					041B2FA920C680B300B33949 = {
						CreatedOnToolsVersion = 9.3.1;
						TestTargetID = 041B2F8A20C680B100B33949;
					};
				};
			};
			buildConfigurationList = 041B2F8620C680B100B33949 /* Build configuration list for PBXProject "SwiftFrame" */;
			compatibilityVersion = "Xcode 9.3";
			developmentRegion = en;
			hasScannedForEncodings = 0;
			knownRegions = (
				en,
				Base,
			);
			mainGroup = 041B2F8220C680B100B33949;
			productRefGroup = 041B2F8C20C680B100B33949 /* Products */;
			projectDirPath = "";
			projectRoot = "";
			targets = (
				041B2F8A20C680B100B33949 /* SwiftFrame */,
				041B2F9E20C680B300B33949 /* SwiftFrameTests */,
				041B2FA920C680B300B33949 /* SwiftFrameUITests */,
			);
		};
/* End PBXProject section */

/* Begin PBXResourcesBuildPhase section */
		041B2F8920C680B100B33949 /* Resources */ = {
			isa = PBXResourcesBuildPhase;
			buildActionMask = 2147483647;
			files = (
				04F77F5020E384540065609A /* LoginViewController.xib in Resources */,
				041B2F9920C680B300B33949 /* LaunchScreen.storyboard in Resources */,
				049FEFFF20E4938100A8FFD3 /* Info.plist in Resources */,
				041B2F9620C680B300B33949 /* Assets.xcassets in Resources */,
				041B2F9420C680B100B33949 /* Main.storyboard in Resources */,
				04D5847A20DA377300A0068F /* RegisterViewController.xib in Resources */,
				047925ED20F74B8C00CE8F7D /* MeViewController.xib in Resources */,
			);
			runOnlyForDeploymentPostprocessing = 0;
		};
		041B2F9D20C680B300B33949 /* Resources */ = {
			isa = PBXResourcesBuildPhase;
			buildActionMask = 2147483647;
			files = (
			);
			runOnlyForDeploymentPostprocessing = 0;
		};
		041B2FA820C680B300B33949 /* Resources */ = {
			isa = PBXResourcesBuildPhase;
			buildActionMask = 2147483647;
			files = (
			);
			runOnlyForDeploymentPostprocessing = 0;
		};
/* End PBXResourcesBuildPhase section */

/* Begin PBXShellScriptBuildPhase section */
		17AD923C1ADCC67EB6D25558 /* [CP] Check Pods Manifest.lock */ = {
			isa = PBXShellScriptBuildPhase;
			buildActionMask = 2147483647;
			files = (
			);
			inputPaths = (
				"${PODS_PODFILE_DIR_PATH}/Podfile.lock",
				"${PODS_ROOT}/Manifest.lock",
			);
			name = "[CP] Check Pods Manifest.lock";
			outputPaths = (
				"$(DERIVED_FILE_DIR)/Pods-SwiftFrame-checkManifestLockResult.txt",
			);
			runOnlyForDeploymentPostprocessing = 0;
			shellPath = /bin/sh;
			shellScript = "diff \"${PODS_PODFILE_DIR_PATH}/Podfile.lock\" \"${PODS_ROOT}/Manifest.lock\" > /dev/null\nif [ $? != 0 ] ; then\n    # print error to STDERR\n    echo \"error: The sandbox is not in sync with the Podfile.lock. Run 'pod install' or update your CocoaPods installation.\" >&2\n    exit 1\nfi\n# This output is used by Xcode 'outputs' to avoid re-running this script phase.\necho \"SUCCESS\" > \"${SCRIPT_OUTPUT_FILE_0}\"\n";
			showEnvVarsInLog = 0;
		};
		E8AAEC6156E00B652AE23A72 /* [CP] Copy Pods Resources */ = {
			isa = PBXShellScriptBuildPhase;
			buildActionMask = 2147483647;
			files = (
			);
			inputPaths = (
				"${SRCROOT}/Pods/Target Support Files/Pods-SwiftFrame/Pods-SwiftFrame-resources.sh",
				"${PODS_ROOT}/MJRefresh/MJRefresh/MJRefresh.bundle",
			);
			name = "[CP] Copy Pods Resources";
			outputPaths = (
				"${TARGET_BUILD_DIR}/${UNLOCALIZED_RESOURCES_FOLDER_PATH}/MJRefresh.bundle",
			);
			runOnlyForDeploymentPostprocessing = 0;
			shellPath = /bin/sh;
			shellScript = "\"${SRCROOT}/Pods/Target Support Files/Pods-SwiftFrame/Pods-SwiftFrame-resources.sh\"\n";
			showEnvVarsInLog = 0;
		};
/* End PBXShellScriptBuildPhase section */

/* Begin PBXSourcesBuildPhase section */
		041B2F8720C680B100B33949 /* Sources */ = {
			isa = PBXSourcesBuildPhase;
			buildActionMask = 2147483647;
			files = (
				049FEFFC20E4938100A8FFD3 /* KeyChainTool.swift in Sources */,
				04A9572E20C7D800008E5380 /* HomePageApi.swift in Sources */,
				04C773BB20DB942100A1CA6F /* RegisterViewModel.swift in Sources */,
				049FEFF320E48D1F00A8FFD3 /* BaseViewController.swift in Sources */,
				048EDD1E20F5F6E00050D8D4 /* HomeViewModel2.swift in Sources */,
				04BEF96820CA5B790075A203 /* CacheTool.swift in Sources */,
				048EDD2420F605170050D8D4 /* HomeViewViewController2.swift in Sources */,
				04BEF97520CA72CE0075A203 /* SqlitManager.swift in Sources */,
				04DDE1A420E23B0300B7A4A5 /* RegisterService.swift in Sources */,
				041B2FBF20C68BB700B33949 /* UIImageView+Ext.swift in Sources */,
				047925EC20F74B8C00CE8F7D /* MeViewController.swift in Sources */,
				049FEFF520E48EA800A8FFD3 /* MainViewController.swift in Sources */,
				041B2FC220C68EC700B33949 /* SwiftTool.swift in Sources */,
				04D1146420F6F2E900D17B0B /* HCRefresh.swift in Sources */,
				041B2F9120C680B100B33949 /* ViewController.swift in Sources */,
				04F77F5220E38B230065609A /* LoginService.swift in Sources */,
				04A9572120C78C32008E5380 /* UITextView+Extension.swift in Sources */,
				04A9571F20C78931008E5380 /* UIImage+Extension.swift in Sources */,
				04D1146620F706AB00D17B0B /* HUDProgress+Rx.swift in Sources */,
				04C50E3320C90DBB000F2DA4 /* BaseModel.swift in Sources */,
				04A9571720C7734D008E5380 /* SwiftTool+AlertView.swift in Sources */,
				04A9572C20C7D702008E5380 /* BaseViewModel.swift in Sources */,
				044FAF3220CF71DD0029A0D1 /* DataModel.swift in Sources */,
				04F77F4C20E35E5E0065609A /* MJRefresh+Rx.swift in Sources */,
				04DDE1A620E2484100B7A4A5 /* ActivityIndicator.swift in Sources */,
				049FF00120E4A5AD00A8FFD3 /* EnumManager.swift in Sources */,
				04ABD01220E60D7B00069D1C /* Model_HomeNews.swift in Sources */,
				04F77F4F20E384540065609A /* LoginViewController.swift in Sources */,
				047925F020F7505400CE8F7D /* Operators.swift in Sources */,
				04F77F5520E398040065609A /* LoginViewModel.swift in Sources */,
				04ABD00A20E5BD8600069D1C /* HomeViewController.swift in Sources */,
				04D5847920DA377300A0068F /* RegisterViewController.swift in Sources */,
				04DDE1A220E239F900B7A4A5 /* RegisterModel.swift in Sources */,
				04A9571B20C77D16008E5380 /* UIView+Ext.swift in Sources */,
				049FEFFD20E4938100A8FFD3 /* KeychainWrapper.swift in Sources */,
				041B2F8F20C680B100B33949 /* AppDelegate.swift in Sources */,
				04A9572320C7CEC5008E5380 /* Observable+HandyJSON.swift in Sources */,
				04ABD00C20E5FF9200069D1C /* BaseNaviViewController.swift in Sources */,
				04BEF96420CA2E880075A203 /* UserModel.swift in Sources */,
				04F77F4A20E354950065609A /* HUDTool.swift in Sources */,
				04BEF96620CA4DBC0075A203 /* PixHeader.swift in Sources */,
				04C7EF5820F4B1F7006BCC9F /* UITableView+Rx.swift in Sources */,
				04ABD01020E60C3500069D1C /* HomeViewModel.swift in Sources */,
				04A9571D20C78015008E5380 /* String+Ext.swift in Sources */,
				04ABD00E20E60BBA00069D1C /* Int+Ext.swift in Sources */,
				049FEFFE20E4938100A8FFD3 /* KeychainItemAccessibility.swift in Sources */,
				04A9571920C777F4008E5380 /* Date+Extension.swift in Sources */,
			);
			runOnlyForDeploymentPostprocessing = 0;
		};
		041B2F9B20C680B300B33949 /* Sources */ = {
			isa = PBXSourcesBuildPhase;
			buildActionMask = 2147483647;
			files = (
				041B2FA420C680B300B33949 /* SwiftFrameTests.swift in Sources */,
			);
			runOnlyForDeploymentPostprocessing = 0;
		};
		041B2FA620C680B300B33949 /* Sources */ = {
			isa = PBXSourcesBuildPhase;
			buildActionMask = 2147483647;
			files = (
				041B2FAF20C680B300B33949 /* SwiftFrameUITests.swift in Sources */,
			);
			runOnlyForDeploymentPostprocessing = 0;
		};
/* End PBXSourcesBuildPhase section */

/* Begin PBXTargetDependency section */
		041B2FA120C680B300B33949 /* PBXTargetDependency */ = {
			isa = PBXTargetDependency;
			target = 041B2F8A20C680B100B33949 /* SwiftFrame */;
			targetProxy = 041B2FA020C680B300B33949 /* PBXContainerItemProxy */;
		};
		041B2FAC20C680B300B33949 /* PBXTargetDependency */ = {
			isa = PBXTargetDependency;
			target = 041B2F8A20C680B100B33949 /* SwiftFrame */;
			targetProxy = 041B2FAB20C680B300B33949 /* PBXContainerItemProxy */;
		};
/* End PBXTargetDependency section */

/* Begin PBXVariantGroup section */
		041B2F9220C680B100B33949 /* Main.storyboard */ = {
			isa = PBXVariantGroup;
			children = (
				041B2F9320C680B100B33949 /* Base */,
			);
			name = Main.storyboard;
			sourceTree = "<group>";
		};
		041B2F9720C680B300B33949 /* LaunchScreen.storyboard */ = {
			isa = PBXVariantGroup;
			children = (
				041B2F9820C680B300B33949 /* Base */,
			);
			name = LaunchScreen.storyboard;
			sourceTree = "<group>";
		};
/* End PBXVariantGroup section */

/* Begin XCBuildConfiguration section */
		041B2FB120C680B300B33949 /* Debug */ = {
			isa = XCBuildConfiguration;
			buildSettings = {
				ALWAYS_SEARCH_USER_PATHS = NO;
				CLANG_ANALYZER_NONNULL = YES;
				CLANG_ANALYZER_NUMBER_OBJECT_CONVERSION = YES_AGGRESSIVE;
				CLANG_CXX_LANGUAGE_STANDARD = "gnu++14";
				CLANG_CXX_LIBRARY = "libc++";
				CLANG_ENABLE_MODULES = YES;
				CLANG_ENABLE_OBJC_ARC = YES;
				CLANG_ENABLE_OBJC_WEAK = YES;
				CLANG_WARN_BLOCK_CAPTURE_AUTORELEASING = YES;
				CLANG_WARN_BOOL_CONVERSION = YES;
				CLANG_WARN_COMMA = YES;
				CLANG_WARN_CONSTANT_CONVERSION = YES;
				CLANG_WARN_DEPRECATED_OBJC_IMPLEMENTATIONS = YES;
				CLANG_WARN_DIRECT_OBJC_ISA_USAGE = YES_ERROR;
				CLANG_WARN_DOCUMENTATION_COMMENTS = YES;
				CLANG_WARN_EMPTY_BODY = YES;
				CLANG_WARN_ENUM_CONVERSION = YES;
				CLANG_WARN_INFINITE_RECURSION = YES;
				CLANG_WARN_INT_CONVERSION = YES;
				CLANG_WARN_NON_LITERAL_NULL_CONVERSION = YES;
				CLANG_WARN_OBJC_IMPLICIT_RETAIN_SELF = YES;
				CLANG_WARN_OBJC_LITERAL_CONVERSION = YES;
				CLANG_WARN_OBJC_ROOT_CLASS = YES_ERROR;
				CLANG_WARN_RANGE_LOOP_ANALYSIS = YES;
				CLANG_WARN_STRICT_PROTOTYPES = YES;
				CLANG_WARN_SUSPICIOUS_MOVE = YES;
				CLANG_WARN_UNGUARDED_AVAILABILITY = YES_AGGRESSIVE;
				CLANG_WARN_UNREACHABLE_CODE = YES;
				CLANG_WARN__DUPLICATE_METHOD_MATCH = YES;
				CODE_SIGN_IDENTITY = "iPhone Developer";
				COPY_PHASE_STRIP = NO;
				DEBUG_INFORMATION_FORMAT = dwarf;
				ENABLE_STRICT_OBJC_MSGSEND = YES;
				ENABLE_TESTABILITY = YES;
				GCC_C_LANGUAGE_STANDARD = gnu11;
				GCC_DYNAMIC_NO_PIC = NO;
				GCC_NO_COMMON_BLOCKS = YES;
				GCC_OPTIMIZATION_LEVEL = 0;
				GCC_PREPROCESSOR_DEFINITIONS = (
					"DEBUG=1",
					"$(inherited)",
				);
				GCC_WARN_64_TO_32_BIT_CONVERSION = YES;
				GCC_WARN_ABOUT_RETURN_TYPE = YES_ERROR;
				GCC_WARN_UNDECLARED_SELECTOR = YES;
				GCC_WARN_UNINITIALIZED_AUTOS = YES_AGGRESSIVE;
				GCC_WARN_UNUSED_FUNCTION = YES;
				GCC_WARN_UNUSED_VARIABLE = YES;
				IPHONEOS_DEPLOYMENT_TARGET = 11.3;
				MTL_ENABLE_DEBUG_INFO = YES;
				ONLY_ACTIVE_ARCH = YES;
				SDKROOT = iphoneos;
				SWIFT_ACTIVE_COMPILATION_CONDITIONS = DEBUG;
				SWIFT_OPTIMIZATION_LEVEL = "-Onone";
			};
			name = Debug;
		};
		041B2FB220C680B300B33949 /* Release */ = {
			isa = XCBuildConfiguration;
			buildSettings = {
				ALWAYS_SEARCH_USER_PATHS = NO;
				CLANG_ANALYZER_NONNULL = YES;
				CLANG_ANALYZER_NUMBER_OBJECT_CONVERSION = YES_AGGRESSIVE;
				CLANG_CXX_LANGUAGE_STANDARD = "gnu++14";
				CLANG_CXX_LIBRARY = "libc++";
				CLANG_ENABLE_MODULES = YES;
				CLANG_ENABLE_OBJC_ARC = YES;
				CLANG_ENABLE_OBJC_WEAK = YES;
				CLANG_WARN_BLOCK_CAPTURE_AUTORELEASING = YES;
				CLANG_WARN_BOOL_CONVERSION = YES;
				CLANG_WARN_COMMA = YES;
				CLANG_WARN_CONSTANT_CONVERSION = YES;
				CLANG_WARN_DEPRECATED_OBJC_IMPLEMENTATIONS = YES;
				CLANG_WARN_DIRECT_OBJC_ISA_USAGE = YES_ERROR;
				CLANG_WARN_DOCUMENTATION_COMMENTS = YES;
				CLANG_WARN_EMPTY_BODY = YES;
				CLANG_WARN_ENUM_CONVERSION = YES;
				CLANG_WARN_INFINITE_RECURSION = YES;
				CLANG_WARN_INT_CONVERSION = YES;
				CLANG_WARN_NON_LITERAL_NULL_CONVERSION = YES;
				CLANG_WARN_OBJC_IMPLICIT_RETAIN_SELF = YES;
				CLANG_WARN_OBJC_LITERAL_CONVERSION = YES;
				CLANG_WARN_OBJC_ROOT_CLASS = YES_ERROR;
				CLANG_WARN_RANGE_LOOP_ANALYSIS = YES;
				CLANG_WARN_STRICT_PROTOTYPES = YES;
				CLANG_WARN_SUSPICIOUS_MOVE = YES;
				CLANG_WARN_UNGUARDED_AVAILABILITY = YES_AGGRESSIVE;
				CLANG_WARN_UNREACHABLE_CODE = YES;
				CLANG_WARN__DUPLICATE_METHOD_MATCH = YES;
				CODE_SIGN_IDENTITY = "iPhone Developer";
				COPY_PHASE_STRIP = NO;
				DEBUG_INFORMATION_FORMAT = "dwarf-with-dsym";
				ENABLE_NS_ASSERTIONS = NO;
				ENABLE_STRICT_OBJC_MSGSEND = YES;
				GCC_C_LANGUAGE_STANDARD = gnu11;
				GCC_NO_COMMON_BLOCKS = YES;
				GCC_WARN_64_TO_32_BIT_CONVERSION = YES;
				GCC_WARN_ABOUT_RETURN_TYPE = YES_ERROR;
				GCC_WARN_UNDECLARED_SELECTOR = YES;
				GCC_WARN_UNINITIALIZED_AUTOS = YES_AGGRESSIVE;
				GCC_WARN_UNUSED_FUNCTION = YES;
				GCC_WARN_UNUSED_VARIABLE = YES;
				IPHONEOS_DEPLOYMENT_TARGET = 11.3;
				MTL_ENABLE_DEBUG_INFO = NO;
				SDKROOT = iphoneos;
				SWIFT_COMPILATION_MODE = wholemodule;
				SWIFT_OPTIMIZATION_LEVEL = "-O";
				VALIDATE_PRODUCT = YES;
			};
			name = Release;
		};
		041B2FB420C680B300B33949 /* Debug */ = {
			isa = XCBuildConfiguration;
			baseConfigurationReference = 905CF1253B2E3C0826F88EE1 /* Pods-SwiftFrame.debug.xcconfig */;
			buildSettings = {
				ASSETCATALOG_COMPILER_APPICON_NAME = AppIcon;
				CLANG_ENABLE_MODULES = YES;
				CODE_SIGN_STYLE = Automatic;
				DEVELOPMENT_TEAM = "";
				INFOPLIST_FILE = SwiftFrame/Info.plist;
				LD_RUNPATH_SEARCH_PATHS = (
					"$(inherited)",
					"@executable_path/Frameworks",
				);
				PRODUCT_BUNDLE_IDENTIFIER = THC.SwiftFrame;
				PRODUCT_NAME = "$(TARGET_NAME)";
				SWIFT_OBJC_BRIDGING_HEADER = "SwiftFrame/Tool/SwiftFrame-Bridging-Header.h";
				SWIFT_OPTIMIZATION_LEVEL = "-Onone";
				SWIFT_VERSION = 4.0;
				TARGETED_DEVICE_FAMILY = "1,2";
			};
			name = Debug;
		};
		041B2FB520C680B300B33949 /* Release */ = {
			isa = XCBuildConfiguration;
			baseConfigurationReference = A1AE2C394C9F1434F5387458 /* Pods-SwiftFrame.release.xcconfig */;
			buildSettings = {
				ASSETCATALOG_COMPILER_APPICON_NAME = AppIcon;
				CLANG_ENABLE_MODULES = YES;
				CODE_SIGN_STYLE = Automatic;
				DEVELOPMENT_TEAM = "";
				INFOPLIST_FILE = SwiftFrame/Info.plist;
				LD_RUNPATH_SEARCH_PATHS = (
					"$(inherited)",
					"@executable_path/Frameworks",
				);
				PRODUCT_BUNDLE_IDENTIFIER = THC.SwiftFrame;
				PRODUCT_NAME = "$(TARGET_NAME)";
				SWIFT_OBJC_BRIDGING_HEADER = "SwiftFrame/Tool/SwiftFrame-Bridging-Header.h";
				SWIFT_VERSION = 4.0;
				TARGETED_DEVICE_FAMILY = "1,2";
			};
			name = Release;
		};
		041B2FB720C680B300B33949 /* Debug */ = {
			isa = XCBuildConfiguration;
			buildSettings = {
				ALWAYS_EMBED_SWIFT_STANDARD_LIBRARIES = YES;
				BUNDLE_LOADER = "$(TEST_HOST)";
				CODE_SIGN_STYLE = Automatic;
				INFOPLIST_FILE = SwiftFrameTests/Info.plist;
				LD_RUNPATH_SEARCH_PATHS = (
					"$(inherited)",
					"@executable_path/Frameworks",
					"@loader_path/Frameworks",
				);
				PRODUCT_BUNDLE_IDENTIFIER = THC.SwiftFrameTests;
				PRODUCT_NAME = "$(TARGET_NAME)";
				SWIFT_VERSION = 4.0;
				TARGETED_DEVICE_FAMILY = "1,2";
				TEST_HOST = "$(BUILT_PRODUCTS_DIR)/SwiftFrame.app/SwiftFrame";
			};
			name = Debug;
		};
		041B2FB820C680B300B33949 /* Release */ = {
			isa = XCBuildConfiguration;
			buildSettings = {
				ALWAYS_EMBED_SWIFT_STANDARD_LIBRARIES = YES;
				BUNDLE_LOADER = "$(TEST_HOST)";
				CODE_SIGN_STYLE = Automatic;
				INFOPLIST_FILE = SwiftFrameTests/Info.plist;
				LD_RUNPATH_SEARCH_PATHS = (
					"$(inherited)",
					"@executable_path/Frameworks",
					"@loader_path/Frameworks",
				);
				PRODUCT_BUNDLE_IDENTIFIER = THC.SwiftFrameTests;
				PRODUCT_NAME = "$(TARGET_NAME)";
				SWIFT_VERSION = 4.0;
				TARGETED_DEVICE_FAMILY = "1,2";
				TEST_HOST = "$(BUILT_PRODUCTS_DIR)/SwiftFrame.app/SwiftFrame";
			};
			name = Release;
		};
		041B2FBA20C680B300B33949 /* Debug */ = {
			isa = XCBuildConfiguration;
			buildSettings = {
				ALWAYS_EMBED_SWIFT_STANDARD_LIBRARIES = YES;
				CODE_SIGN_STYLE = Automatic;
				INFOPLIST_FILE = SwiftFrameUITests/Info.plist;
				LD_RUNPATH_SEARCH_PATHS = (
					"$(inherited)",
					"@executable_path/Frameworks",
					"@loader_path/Frameworks",
				);
				PRODUCT_BUNDLE_IDENTIFIER = THC.SwiftFrameUITests;
				PRODUCT_NAME = "$(TARGET_NAME)";
				SWIFT_VERSION = 4.0;
				TARGETED_DEVICE_FAMILY = "1,2";
				TEST_TARGET_NAME = SwiftFrame;
			};
			name = Debug;
		};
		041B2FBB20C680B300B33949 /* Release */ = {
			isa = XCBuildConfiguration;
			buildSettings = {
				ALWAYS_EMBED_SWIFT_STANDARD_LIBRARIES = YES;
				CODE_SIGN_STYLE = Automatic;
				INFOPLIST_FILE = SwiftFrameUITests/Info.plist;
				LD_RUNPATH_SEARCH_PATHS = (
					"$(inherited)",
					"@executable_path/Frameworks",
					"@loader_path/Frameworks",
				);
				PRODUCT_BUNDLE_IDENTIFIER = THC.SwiftFrameUITests;
				PRODUCT_NAME = "$(TARGET_NAME)";
				SWIFT_VERSION = 4.0;
				TARGETED_DEVICE_FAMILY = "1,2";
				TEST_TARGET_NAME = SwiftFrame;
			};
			name = Release;
		};
/* End XCBuildConfiguration section */

/* Begin XCConfigurationList section */
		041B2F8620C680B100B33949 /* Build configuration list for PBXProject "SwiftFrame" */ = {
			isa = XCConfigurationList;
			buildConfigurations = (
				041B2FB120C680B300B33949 /* Debug */,
				041B2FB220C680B300B33949 /* Release */,
			);
			defaultConfigurationIsVisible = 0;
			defaultConfigurationName = Release;
		};
		041B2FB320C680B300B33949 /* Build configuration list for PBXNativeTarget "SwiftFrame" */ = {
			isa = XCConfigurationList;
			buildConfigurations = (
				041B2FB420C680B300B33949 /* Debug */,
				041B2FB520C680B300B33949 /* Release */,
			);
			defaultConfigurationIsVisible = 0;
			defaultConfigurationName = Release;
		};
		041B2FB620C680B300B33949 /* Build configuration list for PBXNativeTarget "SwiftFrameTests" */ = {
			isa = XCConfigurationList;
			buildConfigurations = (
				041B2FB720C680B300B33949 /* Debug */,
				041B2FB820C680B300B33949 /* Release */,
			);
			defaultConfigurationIsVisible = 0;
			defaultConfigurationName = Release;
		};
		041B2FB920C680B300B33949 /* Build configuration list for PBXNativeTarget "SwiftFrameUITests" */ = {
			isa = XCConfigurationList;
			buildConfigurations = (
				041B2FBA20C680B300B33949 /* Debug */,
				041B2FBB20C680B300B33949 /* Release */,
			);
			defaultConfigurationIsVisible = 0;
			defaultConfigurationName = Release;
		};
/* End XCConfigurationList section */
	};
	rootObject = 041B2F8320C680B100B33949 /* Project object */;
}
